
Microsoft Visual Studio Solution File, Format Version 12.00
# Visual Studio 14
VisualStudioVersion = 14.0.25420.1
MinimumVisualStudioVersion = 10.0.40219.1
Project("{FAE04EC0-301F-11D3-BF4B-00C04F79EFBC}") = "RecordarEstadoEnServidor", "RecordarEstadoEnServidor\RecordarEstadoEnServidor.csproj", "{A2A96A16-9826-4340-981D-82A5E08C0BA1}"
EndProject
Project("{FAE04EC0-301F-11D3-BF4B-00C04F79EFBC}") = "Cookies", "Cookies\Cookies.csproj", "{0A94C449-10E9-4891-B9EB-016AEA69978A}"
EndProject
Project("{FAE04EC0-301F-11D3-BF4B-00C04F79EFBC}") = "RoutedParam", "RoutedParam\RoutedParam.csproj", "{8E714A87-7F48-417F-B015-774305E77FA8}"
EndProject
Global
	GlobalSection(SolutionConfigurationPlatforms) = preSolution
		Debug|Any CPU = Debug|Any CPU
		Release|Any CPU = Release|Any CPU
	EndGlobalSection
	GlobalSection(ProjectConfigurationPlatforms) = postSolution
		{A2A96A16-9826-4340-981D-82A5E08C0BA1}.Debug|Any CPU.ActiveCfg = Debug|Any CPU
		{A2A96A16-9826-4340-981D-82A5E08C0BA1}.Debug|Any CPU.Build.0 = Debug|Any CPU
		{A2A96A16-9826-4340-981D-82A5E08C0BA1}.Release|Any CPU.ActiveCfg = Release|Any CPU
		{A2A96A16-9826-4340-981D-82A5E08C0BA1}.Release|Any CPU.Build.0 = Release|Any CPU
		{0A94C449-10E9-4891-B9EB-016AEA69978A}.Debug|Any CPU.ActiveCfg = Debug|Any CPU
		{0A94C449-10E9-4891-B9EB-016AEA69978A}.Debug|Any CPU.Build.0 = Debug|Any CPU
		{0A94C449-10E9-4891-B9EB-016AEA69978A}.Release|Any CPU.ActiveCfg = Release|Any CPU
		{0A94C449-10E9-4891-B9EB-016AEA69978A}.Release|Any CPU.Build.0 = Release|Any CPU
		{8E714A87-7F48-417F-B015-774305E77FA8}.Debug|Any CPU.ActiveCfg = Debug|Any CPU
		{8E714A87-7F48-417F-B015-774305E77FA8}.Debug|Any CPU.Build.0 = Debug|Any CPU
		{8E714A87-7F48-417F-B015-774305E77FA8}.Release|Any CPU.ActiveCfg = Release|Any CPU
		{8E714A87-7F48-417F-B015-774305E77FA8}.Release|Any CPU.Build.0 = Release|Any CPU
	EndGlobalSection
	GlobalSection(SolutionProperties) = preSolution
		HideSolutionNode = FALSE
	EndGlobalSection
EndGlobal
